{
    "_readme": [
        "This file locks the dependencies of your project to a known state",
        "Read more about it at https://getcomposer.org/doc/01-basic-usage.md#composer-lock-the-lock-file",
        "This file is @generated automatically"
    ],
    "hash": "1b3f6364232c1ac9b70c2b61cce803b8",
    "content-hash": "e5ce3a772dae48b01739911571d84807",
    "packages": [
        {
            "name": "composer/installers",
            "version": "v1.0.12",
            "source": {
                "type": "git",
                "url": "https://github.com/composer/installers.git",
                "reference": "4127333b03e8b4c08d081958548aae5419d1a2fa"
            },
            "dist": {
                "type": "zip",
                "url": "https://api.github.com/repos/composer/installers/zipball/4127333b03e8b4c08d081958548aae5419d1a2fa",
                "reference": "4127333b03e8b4c08d081958548aae5419d1a2fa",
                "shasum": ""
            },
            "replace": {
                "shama/baton": "*"
            },
            "require-dev": {
                "composer/composer": "1.0.*@dev",
                "phpunit/phpunit": "3.7.*"
            },
            "type": "composer-installer",
            "extra": {
                "class": "Composer\\Installers\\Installer",
                "branch-alias": {
                    "dev-master": "1.0-dev"
                }
            },
            "autoload": {
                "psr-0": {
                    "Composer\\Installers\\": "src/"
                }
            },
            "notification-url": "https://packagist.org/downloads/",
            "license": [
                "MIT"
            ],
            "authors": [
                {
                    "name": "Kyle Robinson Young",
                    "email": "kyle@dontkry.com",
                    "homepage": "https://github.com/shama",
                    "role": "Developer"
                }
            ],
            "description": "A multi-framework Composer library installer",
            "homepage": "http://composer.github.com/installers/",
            "keywords": [
                "Craft",
                "Hurad",
                "MODX Evo",
                "OXID",
                "WolfCMS",
                "agl",
                "annotatecms",
                "cakephp",
                "codeigniter",
                "concrete5",
                "croogo",
                "drupal",
                "elgg",
                "fuelphp",
                "installer",
                "joomla",
                "kohana",
                "laravel",
                "lithium",
                "magento",
                "mako",
                "mediawiki",
                "modulework",
                "phpbb",
                "piwik",
                "ppi",
                "shopware",
                "silverstripe",
                "symfony",
                "typo3",
                "wordpress",
                "zend",
                "zikula"
            ],
            "time": "2014-02-24 04:21:34"
        },
        {
            "name": "fancyguy/webroot-installer",
            "version": "1.1.0",
            "source": {
                "type": "git",
                "url": "https://github.com/fancyguy/webroot-installer.git",
                "reference": "a2d5c2e149d837e5580a62a91d3c91577aa30d28"
            },
            "dist": {
                "type": "zip",
                "url": "https://api.github.com/repos/fancyguy/webroot-installer/zipball/a2d5c2e149d837e5580a62a91d3c91577aa30d28",
                "reference": "a2d5c2e149d837e5580a62a91d3c91577aa30d28",
                "shasum": ""
            },
            "require-dev": {
                "composer/composer": "1.0.*@dev",
                "phpunit/phpunit": "3.7.*"
            },
            "type": "composer-installer",
            "extra": {
                "class": "FancyGuy\\Composer\\WebrootInstaller"
            },
            "autoload": {
                "psr-0": {
                    "FancyGuy\\Composer\\": "src/"
                }
            },
            "notification-url": "https://packagist.org/downloads/",
            "license": [
                "BSD-3-Clause"
            ],
            "authors": [
                {
                    "name": "Steve Buzonas",
                    "email": "steve@fancyguy.com",
                    "homepage": "http://www.stevebuzonas.com"
                }
            ],
            "description": "A composer installer for libraries that live in an application webroot.",
            "homepage": "http://fancyguy.github.com/webroot-installer/",
            "time": "2013-03-15 17:51:14"
        },
        {
            "name": "ooyala/ooyala-wordpress-plugin",
            "version": "1.0",
            "dist": {
                "type": "tar",
                "url": "http://www.ravendevelopers.com/sites/default/files/assets/attachments/1/ooyala-for-wp.tar_0.gz",
                "reference": null,
                "shasum": null
            },
            "require": {
                "composer/installers": "v1.0.12"
            },
            "type": "wordpress-plugin"
        },
        {
            "name": "roots/soil",
            "version": "3.0.1",
            "source": {
                "type": "git",
                "url": "https://github.com/roots/soil.git",
                "reference": "d138a8677666d912440a7eaff35be1f69acdaf4b"
            },
            "dist": {
                "type": "zip",
                "url": "https://api.github.com/repos/roots/soil/zipball/d138a8677666d912440a7eaff35be1f69acdaf4b",
                "reference": "d138a8677666d912440a7eaff35be1f69acdaf4b",
                "shasum": ""
            },
            "require": {
                "composer/installers": "~1.0",
                "php": ">=5.3.0"
            },
            "type": "wordpress-plugin",
            "notification-url": "https://packagist.org/downloads/",
            "license": [
                "MIT"
            ],
            "authors": [
                {
                    "name": "Scott Walkinshaw",
                    "email": "scott.walkinshaw@gmail.com",
                    "homepage": "https://github.com/swalkinshaw"
                },
                {
                    "name": "Ben Word",
                    "email": "ben@benword.com",
                    "homepage": "https://github.com/retlehs"
                }
            ],
            "description": "Clean up WordPress markup, relative URLs, nice search",
            "homepage": "http://roots.io/plugins/soil/",
            "keywords": [
                "wordpress"
            ],
            "time": "2014-08-13 23:26:46"
        },
        {
            "name": "vlucas/phpdotenv",
            "version": "v1.0.9",
            "source": {
                "type": "git",
                "url": "https://github.com/vlucas/phpdotenv.git",
                "reference": "56c252d48dce336da97926591aed71805203815b"
            },
            "dist": {
                "type": "zip",
                "url": "https://api.github.com/repos/vlucas/phpdotenv/zipball/56c252d48dce336da97926591aed71805203815b",
                "reference": "56c252d48dce336da97926591aed71805203815b",
                "shasum": ""
            },
            "require": {
                "php": ">=5.3.2"
            },
            "require-dev": {
                "phpunit/phpunit": "~4.0"
            },
            "type": "library",
            "extra": {
                "branch-alias": {
                    "dev-master": "1.0-dev"
                }
            },
            "autoload": {
                "psr-0": {
                    "Dotenv": "src/"
                }
            },
            "notification-url": "https://packagist.org/downloads/",
            "license": [
                "BSD"
            ],
            "authors": [
                {
                    "name": "Vance Lucas",
                    "email": "vance@vancelucas.com",
                    "homepage": "http://www.vancelucas.com"
                }
            ],
            "description": "Loads environment variables from `.env` to `getenv()`, `$_ENV` and `$_SERVER` automagically.",
            "homepage": "http://github.com/vlucas/phpdotenv",
            "keywords": [
                "dotenv",
                "env",
                "environment"
            ],
            "time": "2014-10-16 14:50:21"
        },
        {
            "name": "wordpress/wordpress",
            "version": "4.3.1",
            "dist": {
                "type": "zip",
                "url": "https://wordpress.org/wordpress-4.3.1.zip",
                "reference": null,
                "shasum": null
            },
            "require": {
                "fancyguy/webroot-installer": "1.1.0"
            },
            "type": "webroot"
        },
        {
            "name": "wpackagist-plugin/ad-injection",
            "version": "1.2.0.19",
            "source": {
                "type": "svn",
                "url": "http://plugins.svn.wordpress.org/ad-injection/",
                "reference": "tags/1.2.0.19"
            },
            "dist": {
                "type": "zip",
                "url": "https://downloads.wordpress.org/plugin/ad-injection.1.2.0.19.zip",
                "reference": null,
                "shasum": null
            },
            "require": {
                "composer/installers": "~1.0"
            },
            "type": "wordpress-plugin",
            "homepage": "https://wordpress.org/plugins/ad-injection/"
        },
        {
            "name": "wpackagist-plugin/advanced-responsive-video-embedder",
            "version": "6.3.8",
            "source": {
                "type": "svn",
                "url": "http://plugins.svn.wordpress.org/advanced-responsive-video-embedder/",
                "reference": "trunk"
            },
            "dist": {
                "type": "zip",
                "url": "https://downloads.wordpress.org/plugin/advanced-responsive-video-embedder.zip",
                "reference": null,
                "shasum": null
            },
            "require": {
                "composer/installers": "~1.0"
            },
            "type": "wordpress-plugin",
            "homepage": "https://wordpress.org/plugins/advanced-responsive-video-embedder/"
        },
        {
            "name": "wpackagist-plugin/akismet",
            "version": "3.1.5",
            "source": {
                "type": "svn",
                "url": "http://plugins.svn.wordpress.org/akismet/",
                "reference": "tags/3.1.5"
            },
            "dist": {
                "type": "zip",
                "url": "https://downloads.wordpress.org/plugin/akismet.3.1.5.zip",
                "reference": null,
                "shasum": null
            },
            "require": {
                "composer/installers": "~1.0"
            },
            "type": "wordpress-plugin",
            "homepage": "https://wordpress.org/plugins/akismet/"
        },
        {
            "name": "wpackagist-plugin/all-in-one-seo-pack",
            "version": "2.2.7.4",
            "source": {
                "type": "svn",
                "url": "http://plugins.svn.wordpress.org/all-in-one-seo-pack/",
                "reference": "tags/2.2.7.4"
            },
            "dist": {
                "type": "zip",
                "url": "https://downloads.wordpress.org/plugin/all-in-one-seo-pack.2.2.7.4.zip",
                "reference": null,
                "shasum": null
            },
            "require": {
                "composer/installers": "~1.0"
            },
            "type": "wordpress-plugin",
            "homepage": "https://wordpress.org/plugins/all-in-one-seo-pack/"
        },
        {
            "name": "wpackagist-plugin/ap-honeypot",
            "version": "1.4",
            "source": {
                "type": "svn",
                "url": "http://plugins.svn.wordpress.org/ap-honeypot/",
                "reference": "trunk"
            },
            "dist": {
                "type": "zip",
                "url": "http://downloads.wordpress.org/plugin/ap-honeypot.zip",
                "reference": null,
                "shasum": null
            },
            "require": {
                "composer/installers": "~1.0"
            },
            "replace": {
                "wpackagist/ap-honeypot": "self.version"
            },
            "type": "wordpress-plugin",
            "homepage": "http://wordpress.org/plugins/ap-honeypot/"
        },
        {
            "name": "wpackagist-plugin/askapache-debug-viewer",
            "version": "3.1",
            "source": {
                "type": "svn",
                "url": "http://plugins.svn.wordpress.org/askapache-debug-viewer/",
                "reference": "tags/3.1"
            },
            "dist": {
                "type": "zip",
                "url": "http://downloads.wordpress.org/plugin/askapache-debug-viewer.3.1.zip",
                "reference": null,
                "shasum": null
            },
            "require": {
                "composer/installers": "~1.0"
            },
            "replace": {
                "wpackagist/askapache-debug-viewer": "self.version"
            },
            "type": "wordpress-plugin",
            "homepage": "http://wordpress.org/plugins/askapache-debug-viewer/"
        },
        {
            "name": "wpackagist-plugin/better-search-replace",
            "version": "1.2.8",
            "source": {
                "type": "svn",
                "url": "http://plugins.svn.wordpress.org/better-search-replace/",
                "reference": "trunk"
            },
            "dist": {
                "type": "zip",
                "url": "https://downloads.wordpress.org/plugin/better-search-replace.zip",
                "reference": null,
                "shasum": null
            },
            "require": {
                "composer/installers": "~1.0"
            },
            "type": "wordpress-plugin",
            "homepage": "https://wordpress.org/plugins/better-search-replace/"
        },
        {
            "name": "wpackagist-plugin/bj-lazy-load",
            "version": "1.0.6",
            "source": {
                "type": "svn",
                "url": "http://plugins.svn.wordpress.org/bj-lazy-load/",
                "reference": "tags/1.0.6"
            },
            "dist": {
                "type": "zip",
                "url": "https://downloads.wordpress.org/plugin/bj-lazy-load.1.0.6.zip",
                "reference": null,
                "shasum": null
            },
            "require": {
                "composer/installers": "~1.0"
            },
            "type": "wordpress-plugin",
            "homepage": "https://wordpress.org/plugins/bj-lazy-load/"
        },
        {
            "name": "wpackagist-plugin/broken-link-checker",
            "version": "1.10.10",
            "source": {
                "type": "svn",
                "url": "http://plugins.svn.wordpress.org/broken-link-checker/",
                "reference": "tags/1.10.10"
            },
            "dist": {
                "type": "zip",
                "url": "https://downloads.wordpress.org/plugin/broken-link-checker.1.10.10.zip",
                "reference": null,
                "shasum": null
            },
            "require": {
                "composer/installers": "~1.0"
            },
            "type": "wordpress-plugin",
            "homepage": "https://wordpress.org/plugins/broken-link-checker/"
        },
        {
            "name": "wpackagist-plugin/business-directory-plugin",
            "version": "3.6.10.1",
            "source": {
                "type": "svn",
                "url": "http://plugins.svn.wordpress.org/business-directory-plugin/",
                "reference": "tags/3.6.10.1"
            },
            "dist": {
                "type": "zip",
                "url": "https://downloads.wordpress.org/plugin/business-directory-plugin.3.6.10.1.zip",
                "reference": null,
                "shasum": null
            },
            "require": {
                "composer/installers": "~1.0"
            },
            "type": "wordpress-plugin",
            "homepage": "https://wordpress.org/plugins/business-directory-plugin/"
        },
        {
            "name": "wpackagist-plugin/co-authors-plus",
            "version": "3.1.1",
            "source": {
                "type": "svn",
                "url": "http://plugins.svn.wordpress.org/co-authors-plus/",
                "reference": "tags/3.1.1"
            },
            "dist": {
                "type": "zip",
                "url": "http://downloads.wordpress.org/plugin/co-authors-plus.3.1.1.zip",
                "reference": null,
                "shasum": null
            },
            "require": {
                "composer/installers": "~1.0"
            },
            "type": "wordpress-plugin",
            "homepage": "http://wordpress.org/plugins/co-authors-plus/"
        },
        {
            "name": "wpackagist-plugin/easyrecipe",
            "version": "3.5.3208",
            "source": {
                "type": "svn",
                "url": "http://plugins.svn.wordpress.org/easyrecipe/",
                "reference": "tags/3.5.3208"
            },
            "dist": {
                "type": "zip",
                "url": "https://downloads.wordpress.org/plugin/easyrecipe.3.5.3208.zip",
                "reference": null,
                "shasum": null
            },
            "require": {
                "composer/installers": "~1.0"
            },
            "type": "wordpress-plugin",
            "homepage": "https://wordpress.org/plugins/easyrecipe/"
        },
        {
            "name": "wpackagist-plugin/floating-social-bar",
            "version": "1.1.7",
            "source": {
                "type": "svn",
                "url": "http://plugins.svn.wordpress.org/floating-social-bar/",
                "reference": "tags/1.1.7"
            },
            "dist": {
                "type": "zip",
                "url": "https://downloads.wordpress.org/plugin/floating-social-bar.1.1.7.zip",
                "reference": null,
                "shasum": null
            },
            "require": {
                "composer/installers": "~1.0"
            },
            "type": "wordpress-plugin",
            "homepage": "https://wordpress.org/plugins/floating-social-bar/"
        },
        {
            "name": "wpackagist-plugin/go-newrelic",
            "version": "0.3",
            "source": {
                "type": "svn",
                "url": "http://plugins.svn.wordpress.org/go-newrelic/",
                "reference": "trunk"
            },
            "dist": {
                "type": "zip",
                "url": "http://downloads.wordpress.org/plugin/go-newrelic.zip",
                "reference": null,
                "shasum": null
            },
            "require": {
                "composer/installers": "~1.0"
            },
            "type": "wordpress-plugin",
            "homepage": "https://wordpress.org/plugins/go-newrelic/"
        },
        {
            "name": "wpackagist-plugin/google-pagespeed-insights",
            "version": "1.0.6",
            "source": {
                "type": "svn",
                "url": "http://plugins.svn.wordpress.org/google-pagespeed-insights/",
                "reference": "trunk"
            },
            "dist": {
                "type": "zip",
                "url": "https://downloads.wordpress.org/plugin/google-pagespeed-insights.zip",
                "reference": null,
                "shasum": null
            },
            "require": {
                "composer/installers": "~1.0"
            },
            "type": "wordpress-plugin",
            "homepage": "https://wordpress.org/plugins/google-pagespeed-insights/"
        },
        {
            "name": "wpackagist-plugin/honeypot-comments",
            "version": "1.1.0",
            "source": {
                "type": "svn",
                "url": "http://plugins.svn.wordpress.org/honeypot-comments/",
                "reference": "tags/1.1.0"
            },
            "dist": {
                "type": "zip",
                "url": "http://downloads.wordpress.org/plugin/honeypot-comments.1.1.0.zip",
                "reference": null,
                "shasum": null
            },
            "require": {
                "composer/installers": "~1.0"
            },
            "replace": {
                "wpackagist/honeypot-comments": "self.version"
            },
            "type": "wordpress-plugin",
            "homepage": "http://wordpress.org/plugins/honeypot-comments/"
        },
        {
            "name": "wpackagist-plugin/infinite-scroll",
            "version": "2.6.2",
            "source": {
                "type": "svn",
                "url": "http://plugins.svn.wordpress.org/infinite-scroll/",
                "reference": "tags/2.6.2"
            },
            "dist": {
                "type": "zip",
                "url": "http://downloads.wordpress.org/plugin/infinite-scroll.2.6.2.zip",
                "reference": null,
                "shasum": null
            },
            "require": {
                "composer/installers": "~1.0"
            },
            "replace": {
                "wpackagist/infinite-scroll": "self.version"
            },
            "type": "wordpress-plugin",
            "homepage": "http://wordpress.org/plugins/infinite-scroll/"
        },
        {
            "name": "wpackagist-plugin/instagram-feed",
            "version": "1.3.11",
            "source": {
                "type": "svn",
                "url": "http://plugins.svn.wordpress.org/instagram-feed/",
                "reference": "trunk"
            },
            "dist": {
                "type": "zip",
                "url": "https://downloads.wordpress.org/plugin/instagram-feed.zip",
                "reference": null,
                "shasum": null
            },
            "require": {
                "composer/installers": "~1.0"
            },
            "type": "wordpress-plugin",
            "homepage": "https://wordpress.org/plugins/instagram-feed/"
        },
        {
            "name": "wpackagist-plugin/jetpack",
            "version": "3.8.1",
            "source": {
                "type": "svn",
                "url": "http://plugins.svn.wordpress.org/jetpack/",
                "reference": "tags/3.8.1"
            },
            "dist": {
                "type": "zip",
                "url": "https://downloads.wordpress.org/plugin/jetpack.3.8.1.zip",
                "reference": null,
                "shasum": null
            },
            "require": {
                "composer/installers": "~1.0"
            },
            "type": "wordpress-plugin",
            "homepage": "https://wordpress.org/plugins/jetpack/"
        },
        {
            "name": "wpackagist-plugin/nofollow",
            "version": "1.4.3",
            "source": {
                "type": "svn",
                "url": "http://plugins.svn.wordpress.org/nofollow/",
                "reference": "tags/1.4.3"
            },
            "dist": {
                "type": "zip",
                "url": "https://downloads.wordpress.org/plugin/nofollow.1.4.3.zip",
                "reference": null,
                "shasum": null
            },
            "require": {
                "composer/installers": "~1.0"
            },
            "type": "wordpress-plugin",
            "homepage": "https://wordpress.org/plugins/nofollow/"
        },
        {
            "name": "wpackagist-plugin/page-links-to",
            "version": "2.9.6",
            "source": {
                "type": "svn",
                "url": "http://plugins.svn.wordpress.org/page-links-to/",
                "reference": "tags/2.9.6"
            },
            "dist": {
                "type": "zip",
                "url": "https://downloads.wordpress.org/plugin/page-links-to.2.9.6.zip",
                "reference": null,
                "shasum": null
            },
            "require": {
                "composer/installers": "~1.0"
            },
            "type": "wordpress-plugin",
            "homepage": "https://wordpress.org/plugins/page-links-to/"
        },
        {
            "name": "wpackagist-plugin/raw-html",
            "version": "1.4.15",
            "source": {
                "type": "svn",
                "url": "http://plugins.svn.wordpress.org/raw-html/",
                "reference": "tags/1.4.15"
            },
            "dist": {
                "type": "zip",
                "url": "https://downloads.wordpress.org/plugin/raw-html.1.4.15.zip",
                "reference": null,
                "shasum": null
            },
            "require": {
                "composer/installers": "~1.0"
            },
            "type": "wordpress-plugin",
            "homepage": "https://wordpress.org/plugins/raw-html/"
        },
        {
            "name": "wpackagist-plugin/regenerate-thumbnails",
            "version": "2.2.4",
            "source": {
                "type": "svn",
                "url": "http://plugins.svn.wordpress.org/regenerate-thumbnails/",
                "reference": "tags/2.2.4"
            },
            "dist": {
                "type": "zip",
                "url": "http://downloads.wordpress.org/plugin/regenerate-thumbnails.2.2.4.zip",
                "reference": null,
                "shasum": null
            },
            "require": {
                "composer/installers": "~1.0"
            },
            "type": "wordpress-plugin",
            "homepage": "https://wordpress.org/plugins/regenerate-thumbnails/"
        },
        {
            "name": "wpackagist-plugin/remove-image-links",
            "version": "1.2",
            "source": {
                "type": "svn",
                "url": "http://plugins.svn.wordpress.org/remove-image-links/",
                "reference": "tags/1.2"
            },
            "dist": {
                "type": "zip",
                "url": "http://downloads.wordpress.org/plugin/remove-image-links.1.2.zip",
                "reference": null,
                "shasum": null
            },
            "require": {
                "composer/installers": "~1.0"
            },
            "replace": {
                "wpackagist/remove-image-links": "self.version"
            },
            "type": "wordpress-plugin",
            "homepage": "http://wordpress.org/plugins/remove-image-links/"
        },
        {
            "name": "wpackagist-plugin/sabre",
            "version": "1.2.2",
            "source": {
                "type": "svn",
                "url": "http://plugins.svn.wordpress.org/sabre/",
                "reference": "tags/1.2.2"
            },
            "dist": {
                "type": "zip",
                "url": "http://downloads.wordpress.org/plugin/sabre.1.2.2.zip",
                "reference": null,
                "shasum": null
            },
            "require": {
                "composer/installers": "~1.0"
            },
            "replace": {
                "wpackagist/sabre": "self.version"
            },
            "type": "wordpress-plugin",
            "homepage": "http://wordpress.org/plugins/sabre/"
        },
        {
            "name": "wpackagist-plugin/subscribe-to-comments-reloaded",
            "version": 150820,
            "source": {
                "type": "svn",
                "url": "http://plugins.svn.wordpress.org/subscribe-to-comments-reloaded/",
                "reference": "trunk"
            },
            "dist": {
                "type": "zip",
                "url": "https://downloads.wordpress.org/plugin/subscribe-to-comments-reloaded.zip",
                "reference": null,
                "shasum": null
            },
            "require": {
                "composer/installers": "~1.0"
            },
            "type": "wordpress-plugin",
            "homepage": "https://wordpress.org/plugins/subscribe-to-comments-reloaded/"
        },
        {
            "name": "wpackagist-plugin/ultimate-posts-widget",
            "version": "2.0.5",
            "source": {
                "type": "svn",
                "url": "http://plugins.svn.wordpress.org/ultimate-posts-widget/",
                "reference": "tags/2.0.5"
            },
            "dist": {
                "type": "zip",
                "url": "https://downloads.wordpress.org/plugin/ultimate-posts-widget.2.0.5.zip",
                "reference": null,
                "shasum": null
            },
            "require": {
                "composer/installers": "~1.0"
            },
            "type": "wordpress-plugin",
            "homepage": "https://wordpress.org/plugins/ultimate-posts-widget/"
        },
        {
            "name": "wpackagist-plugin/wordfence",
            "version": "6.0.20",
            "source": {
                "type": "svn",
                "url": "http://plugins.svn.wordpress.org/wordfence/",
                "reference": "tags/6.0.20"
            },
            "dist": {
                "type": "zip",
                "url": "https://downloads.wordpress.org/plugin/wordfence.6.0.20.zip",
                "reference": null,
                "shasum": null
            },
            "require": {
                "composer/installers": "~1.0"
            },
            "type": "wordpress-plugin",
            "homepage": "https://wordpress.org/plugins/wordfence/"
        },
        {
            "name": "wpackagist-plugin/wp-ffpc",
            "version": "1.10.0",
            "source": {
                "type": "svn",
                "url": "http://plugins.svn.wordpress.org/wp-ffpc/",
                "reference": "tags/1.10.0"
            },
            "dist": {
                "type": "zip",
                "url": "https://downloads.wordpress.org/plugin/wp-ffpc.1.10.0.zip",
                "reference": null,
                "shasum": null
            },
            "require": {
                "composer/installers": "~1.0"
            },
            "type": "wordpress-plugin",
            "homepage": "https://wordpress.org/plugins/wp-ffpc/"
        },
        {
            "name": "wpackagist-plugin/wp-recent-posts-from-category",
            "version": "1.1.0",
            "source": {
                "type": "svn",
                "url": "http://plugins.svn.wordpress.org/wp-recent-posts-from-category/",
                "reference": "tags/1.1.0"
            },
            "dist": {
                "type": "zip",
                "url": "http://downloads.wordpress.org/plugin/wp-recent-posts-from-category.1.1.0.zip",
                "reference": null,
                "shasum": null
            },
            "require": {
                "composer/installers": "~1.0"
            },
            "type": "wordpress-plugin",
            "homepage": "https://wordpress.org/plugins/wp-recent-posts-from-category/"
        },
        {
            "name": "wpackagist-plugin/yet-another-related-posts-plugin",
            "version": "4.2.4",
            "source": {
                "type": "svn",
                "url": "http://plugins.svn.wordpress.org/yet-another-related-posts-plugin/",
                "reference": "tags/4.2.4"
            },
            "dist": {
                "type": "zip",
                "url": "https://downloads.wordpress.org/plugin/yet-another-related-posts-plugin.4.2.4.zip",
                "reference": null,
                "shasum": null
            },
            "require": {
                "composer/installers": "~1.0"
            },
            "type": "wordpress-plugin",
            "homepage": "https://wordpress.org/plugins/yet-another-related-posts-plugin/"
        }
    ],
    "packages-dev": [],
    "aliases": [],
    "minimum-stability": "stable",
    "stability-flags": [],
    "prefer-stable": false,
    "prefer-lowest": false,
    "platform": {
        "php": ">=5.3.2"
    },
    "platform-dev": []
}
